// !$*UTF8*$!
{
	archiveVersion = 1;
	classes = {
	};
	objectVersion = 46;
	objects = {

/* Begin PBXBuildFile section */
		297497821F5DE52600B92A59 /* AppDelegate.swift in Sources */ = {isa = PBXBuildFile; fileRef = 297497811F5DE52600B92A59 /* AppDelegate.swift */; };
		297497841F5DE52600B92A59 /* LoginVC.swift in Sources */ = {isa = PBXBuildFile; fileRef = 297497831F5DE52600B92A59 /* LoginVC.swift */; };
		297497871F5DE52600B92A59 /* Main.storyboard in Resources */ = {isa = PBXBuildFile; fileRef = 297497851F5DE52600B92A59 /* Main.storyboard */; };
		297497891F5DE52600B92A59 /* Assets.xcassets in Resources */ = {isa = PBXBuildFile; fileRef = 297497881F5DE52600B92A59 /* Assets.xcassets */; };
		2974978C1F5DE52600B92A59 /* LaunchScreen.storyboard in Resources */ = {isa = PBXBuildFile; fileRef = 2974978A1F5DE52600B92A59 /* LaunchScreen.storyboard */; };
		297497941F5DEAAC00B92A59 /* Constants.swift in Sources */ = {isa = PBXBuildFile; fileRef = 297497931F5DEAAC00B92A59 /* Constants.swift */; };
		297497991F622CE200B92A59 /* GCDBlackBox.swift in Sources */ = {isa = PBXBuildFile; fileRef = 297497981F622CE200B92A59 /* GCDBlackBox.swift */; };
		2974979B1F6239D000B92A59 /* uiHelper.swift in Sources */ = {isa = PBXBuildFile; fileRef = 2974979A1F6239D000B92A59 /* uiHelper.swift */; };
		2974979E1F64F54D00B92A59 /* studentInfo.swift in Sources */ = {isa = PBXBuildFile; fileRef = 2974979D1F64F54D00B92A59 /* studentInfo.swift */; };
		297497A21F64F8B500B92A59 /* studentDataSource.swift in Sources */ = {isa = PBXBuildFile; fileRef = 297497A11F64F8B500B92A59 /* studentDataSource.swift */; };
		297497A61F650A3700B92A59 /* MapVC.swift in Sources */ = {isa = PBXBuildFile; fileRef = 297497A51F650A3700B92A59 /* MapVC.swift */; };
		297497A81F68C8C200B92A59 /* AddAnnotationVC.swift in Sources */ = {isa = PBXBuildFile; fileRef = 297497A71F68C8C200B92A59 /* AddAnnotationVC.swift */; };
		297962FA1F6B71E50049F59F /* LocationManager.swift in Sources */ = {isa = PBXBuildFile; fileRef = 297962F91F6B71E50049F59F /* LocationManager.swift */; };
		297962FC1F6B7FBB0049F59F /* AddStudentPostVC.swift in Sources */ = {isa = PBXBuildFile; fileRef = 297962FB1F6B7FBB0049F59F /* AddStudentPostVC.swift */; };
		2979631C1F6DF4BE0049F59F /* networkClient.swift in Sources */ = {isa = PBXBuildFile; fileRef = 2979631B1F6DF4BE0049F59F /* networkClient.swift */; };
/* End PBXBuildFile section */

/* Begin PBXFileReference section */
		2974977E1F5DE52600B92A59 /* SwiftOnTheMap.app */ = {isa = PBXFileReference; explicitFileType = wrapper.application; includeInIndex = 0; path = SwiftOnTheMap.app; sourceTree = BUILT_PRODUCTS_DIR; };
		297497811F5DE52600B92A59 /* AppDelegate.swift */ = {isa = PBXFileReference; lastKnownFileType = sourcecode.swift; path = AppDelegate.swift; sourceTree = "<group>"; };
		297497831F5DE52600B92A59 /* LoginVC.swift */ = {isa = PBXFileReference; lastKnownFileType = sourcecode.swift; path = LoginVC.swift; sourceTree = "<group>"; };
		297497861F5DE52600B92A59 /* Base */ = {isa = PBXFileReference; lastKnownFileType = file.storyboard; name = Base; path = Base.lproj/Main.storyboard; sourceTree = "<group>"; };
		297497881F5DE52600B92A59 /* Assets.xcassets */ = {isa = PBXFileReference; lastKnownFileType = folder.assetcatalog; path = Assets.xcassets; sourceTree = "<group>"; };
		2974978B1F5DE52600B92A59 /* Base */ = {isa = PBXFileReference; lastKnownFileType = file.storyboard; name = Base; path = Base.lproj/LaunchScreen.storyboard; sourceTree = "<group>"; };
		2974978D1F5DE52600B92A59 /* Info.plist */ = {isa = PBXFileReference; lastKnownFileType = text.plist.xml; path = Info.plist; sourceTree = "<group>"; };
		297497931F5DEAAC00B92A59 /* Constants.swift */ = {isa = PBXFileReference; fileEncoding = 4; lastKnownFileType = sourcecode.swift; path = Constants.swift; sourceTree = "<group>"; };
		297497981F622CE200B92A59 /* GCDBlackBox.swift */ = {isa = PBXFileReference; fileEncoding = 4; lastKnownFileType = sourcecode.swift; path = GCDBlackBox.swift; sourceTree = "<group>"; };
		2974979A1F6239D000B92A59 /* uiHelper.swift */ = {isa = PBXFileReference; fileEncoding = 4; lastKnownFileType = sourcecode.swift; path = uiHelper.swift; sourceTree = "<group>"; };
		2974979D1F64F54D00B92A59 /* studentInfo.swift */ = {isa = PBXFileReference; fileEncoding = 4; lastKnownFileType = sourcecode.swift; path = studentInfo.swift; sourceTree = "<group>"; };
		297497A11F64F8B500B92A59 /* studentDataSource.swift */ = {isa = PBXFileReference; fileEncoding = 4; lastKnownFileType = sourcecode.swift; path = studentDataSource.swift; sourceTree = "<group>"; };
		297497A51F650A3700B92A59 /* MapVC.swift */ = {isa = PBXFileReference; fileEncoding = 4; lastKnownFileType = sourcecode.swift; path = MapVC.swift; sourceTree = "<group>"; };
		297497A71F68C8C200B92A59 /* AddAnnotationVC.swift */ = {isa = PBXFileReference; fileEncoding = 4; lastKnownFileType = sourcecode.swift; path = AddAnnotationVC.swift; sourceTree = "<group>"; };
		297962F91F6B71E50049F59F /* LocationManager.swift */ = {isa = PBXFileReference; lastKnownFileType = sourcecode.swift; path = LocationManager.swift; sourceTree = "<group>"; };
		297962FB1F6B7FBB0049F59F /* AddStudentPostVC.swift */ = {isa = PBXFileReference; lastKnownFileType = sourcecode.swift; path = AddStudentPostVC.swift; sourceTree = "<group>"; };
		2979631B1F6DF4BE0049F59F /* networkClient.swift */ = {isa = PBXFileReference; lastKnownFileType = sourcecode.swift; path = networkClient.swift; sourceTree = "<group>"; };
/* End PBXFileReference section */

/* Begin PBXFrameworksBuildPhase section */
		2974977B1F5DE52600B92A59 /* Frameworks */ = {
			isa = PBXFrameworksBuildPhase;
			buildActionMask = 2147483647;
			files = (
			);
			runOnlyForDeploymentPostprocessing = 0;
		};
/* End PBXFrameworksBuildPhase section */

/* Begin PBXGroup section */
		297497751F5DE52600B92A59 = {
			isa = PBXGroup;
			children = (
				2979631B1F6DF4BE0049F59F /* networkClient.swift */,
				297962FB1F6B7FBB0049F59F /* AddStudentPostVC.swift */,
				297497801F5DE52600B92A59 /* SwiftOnTheMap */,
				2974977F1F5DE52600B92A59 /* Products */,
			);
			sourceTree = "<group>";
		};
		2974977F1F5DE52600B92A59 /* Products */ = {
			isa = PBXGroup;
			children = (
				2974977E1F5DE52600B92A59 /* SwiftOnTheMap.app */,
			);
			name = Products;
			sourceTree = "<group>";
		};
		297497801F5DE52600B92A59 /* SwiftOnTheMap */ = {
			isa = PBXGroup;
			children = (
				297962F91F6B71E50049F59F /* LocationManager.swift */,
				2974979C1F64F52500B92A59 /* Model */,
				297497951F5F96F000B92A59 /* Utilities */,
				297497811F5DE52600B92A59 /* AppDelegate.swift */,
				297497831F5DE52600B92A59 /* LoginVC.swift */,
				297497851F5DE52600B92A59 /* Main.storyboard */,
				297497881F5DE52600B92A59 /* Assets.xcassets */,
				2974978A1F5DE52600B92A59 /* LaunchScreen.storyboard */,
				2974978D1F5DE52600B92A59 /* Info.plist */,
				297497931F5DEAAC00B92A59 /* Constants.swift */,
				297497A51F650A3700B92A59 /* MapVC.swift */,
				297497A71F68C8C200B92A59 /* AddAnnotationVC.swift */,
			);
			path = SwiftOnTheMap;
			sourceTree = "<group>";
		};
		297497951F5F96F000B92A59 /* Utilities */ = {
			isa = PBXGroup;
			children = (
				297497981F622CE200B92A59 /* GCDBlackBox.swift */,
				2974979A1F6239D000B92A59 /* uiHelper.swift */,
			);
			name = Utilities;
			sourceTree = "<group>";
		};
		2974979C1F64F52500B92A59 /* Model */ = {
			isa = PBXGroup;
			children = (
				2974979D1F64F54D00B92A59 /* studentInfo.swift */,
				297497A11F64F8B500B92A59 /* studentDataSource.swift */,
			);
			name = Model;
			sourceTree = "<group>";
		};
/* End PBXGroup section */

/* Begin PBXNativeTarget section */
		2974977D1F5DE52600B92A59 /* SwiftOnTheMap */ = {
			isa = PBXNativeTarget;
			buildConfigurationList = 297497901F5DE52600B92A59 /* Build configuration list for PBXNativeTarget "SwiftOnTheMap" */;
			buildPhases = (
				2974977A1F5DE52600B92A59 /* Sources */,
				2974977B1F5DE52600B92A59 /* Frameworks */,
				2974977C1F5DE52600B92A59 /* Resources */,
			);
			buildRules = (
			);
			dependencies = (
			);
			name = SwiftOnTheMap;
			productName = SwiftOnTheMap;
			productReference = 2974977E1F5DE52600B92A59 /* SwiftOnTheMap.app */;
			productType = "com.apple.product-type.application";
		};
/* End PBXNativeTarget section */

/* Begin PBXProject section */
		297497761F5DE52600B92A59 /* Project object */ = {
			isa = PBXProject;
			attributes = {
				LastSwiftUpdateCheck = 0830;
				LastUpgradeCheck = 0830;
				ORGANIZATIONNAME = "Paul Omeally";
				TargetAttributes = {
					2974977D1F5DE52600B92A59 = {
						CreatedOnToolsVersion = 8.3.3;
						DevelopmentTeam = 2Y285G7CRX;
						ProvisioningStyle = Automatic;
					};
				};
			};
			buildConfigurationList = 297497791F5DE52600B92A59 /* Build configuration list for PBXProject "SwiftOnTheMap" */;
			compatibilityVersion = "Xcode 3.2";
			developmentRegion = English;
			hasScannedForEncodings = 0;
			knownRegions = (
				en,
				Base,
			);
			mainGroup = 297497751F5DE52600B92A59;
			productRefGroup = 2974977F1F5DE52600B92A59 /* Products */;
			projectDirPath = "";
			projectRoot = "";
			targets = (
				2974977D1F5DE52600B92A59 /* SwiftOnTheMap */,
			);
		};
/* End PBXProject section */

/* Begin PBXResourcesBuildPhase section */
		2974977C1F5DE52600B92A59 /* Resources */ = {
			isa = PBXResourcesBuildPhase;
			buildActionMask = 2147483647;
			files = (
				2974978C1F5DE52600B92A59 /* LaunchScreen.storyboard in Resources */,
				297497891F5DE52600B92A59 /* Assets.xcassets in Resources */,
				297497871F5DE52600B92A59 /* Main.storyboard in Resources */,
			);
			runOnlyForDeploymentPostprocessing = 0;
		};
/* End PBXResourcesBuildPhase section */

/* Begin PBXSourcesBuildPhase section */
		2974977A1F5DE52600B92A59 /* Sources */ = {
			isa = PBXSourcesBuildPhase;
			buildActionMask = 2147483647;
			files = (
				297497841F5DE52600B92A59 /* LoginVC.swift in Sources */,
				297497821F5DE52600B92A59 /* AppDelegate.swift in Sources */,
				297962FC1F6B7FBB0049F59F /* AddStudentPostVC.swift in Sources */,
				2974979E1F64F54D00B92A59 /* studentInfo.swift in Sources */,
				297497A81F68C8C200B92A59 /* AddAnnotationVC.swift in Sources */,
				297497941F5DEAAC00B92A59 /* Constants.swift in Sources */,
				297497A61F650A3700B92A59 /* MapVC.swift in Sources */,
				297497991F622CE200B92A59 /* GCDBlackBox.swift in Sources */,
				297962FA1F6B71E50049F59F /* LocationManager.swift in Sources */,
				2979631C1F6DF4BE0049F59F /* networkClient.swift in Sources */,
				2974979B1F6239D000B92A59 /* uiHelper.swift in Sources */,
				297497A21F64F8B500B92A59 /* studentDataSource.swift in Sources */,
			);
			runOnlyForDeploymentPostprocessing = 0;
		};
/* End PBXSourcesBuildPhase section */

/* Begin PBXVariantGroup section */
		297497851F5DE52600B92A59 /* Main.storyboard */ = {
			isa = PBXVariantGroup;
			children = (
				297497861F5DE52600B92A59 /* Base */,
			);
			name = Main.storyboard;
			sourceTree = "<group>";
		};
		2974978A1F5DE52600B92A59 /* LaunchScreen.storyboard */ = {
			isa = PBXVariantGroup;
			children = (
				2974978B1F5DE52600B92A59 /* Base */,
			);
			name = LaunchScreen.storyboard;
			sourceTree = "<group>";
		};
/* End PBXVariantGroup section */

/* Begin XCBuildConfiguration section */
		2974978E1F5DE52600B92A59 /* Debug */ = {
			isa = XCBuildConfiguration;
			buildSettings = {
				ALWAYS_SEARCH_USER_PATHS = NO;
				CLANG_ANALYZER_NONNULL = YES;
				CLANG_ANALYZER_NUMBER_OBJECT_CONVERSION = YES_AGGRESSIVE;
				CLANG_CXX_LANGUAGE_STANDARD = "gnu++0x";
				CLANG_CXX_LIBRARY = "libc++";
				CLANG_ENABLE_MODULES = YES;
				CLANG_ENABLE_OBJC_ARC = YES;
				CLANG_WARN_BOOL_CONVERSION = YES;
				CLANG_WARN_CONSTANT_CONVERSION = YES;
				CLANG_WARN_DIRECT_OBJC_ISA_USAGE = YES_ERROR;
				CLANG_WARN_DOCUMENTATION_COMMENTS = YES;
				CLANG_WARN_EMPTY_BODY = YES;
				CLANG_WARN_ENUM_CONVERSION = YES;
				CLANG_WARN_INFINITE_RECURSION = YES;
				CLANG_WARN_INT_CONVERSION = YES;
				CLANG_WARN_OBJC_ROOT_CLASS = YES_ERROR;
				CLANG_WARN_SUSPICIOUS_MOVE = YES;
				CLANG_WARN_UNREACHABLE_CODE = YES;
				CLANG_WARN__DUPLICATE_METHOD_MATCH = YES;
				"CODE_SIGN_IDENTITY[sdk=iphoneos*]" = "iPhone Developer";
				COPY_PHASE_STRIP = NO;
				DEBUG_INFORMATION_FORMAT = dwarf;
				ENABLE_STRICT_OBJC_MSGSEND = YES;
				ENABLE_TESTABILITY = YES;
				GCC_C_LANGUAGE_STANDARD = gnu99;
				GCC_DYNAMIC_NO_PIC = NO;
				GCC_NO_COMMON_BLOCKS = YES;
				GCC_OPTIMIZATION_LEVEL = 0;
				GCC_PREPROCESSOR_DEFINITIONS = (
					"DEBUG=1",
					"$(inherited)",
				);
				GCC_WARN_64_TO_32_BIT_CONVERSION = YES;
				GCC_WARN_ABOUT_RETURN_TYPE = YES_ERROR;
				GCC_WARN_UNDECLARED_SELECTOR = YES;
				GCC_WARN_UNINITIALIZED_AUTOS = YES_AGGRESSIVE;
				GCC_WARN_UNUSED_FUNCTION = YES;
				GCC_WARN_UNUSED_VARIABLE = YES;
				IPHONEOS_DEPLOYMENT_TARGET = 10.3;
				MTL_ENABLE_DEBUG_INFO = YES;
				ONLY_ACTIVE_ARCH = YES;
				SDKROOT = iphoneos;
				SWIFT_ACTIVE_COMPILATION_CONDITIONS = DEBUG;
				SWIFT_OPTIMIZATION_LEVEL = "-Onone";
				TARGETED_DEVICE_FAMILY = "1,2";
			};
			name = Debug;
		};
		2974978F1F5DE52600B92A59 /* Release */ = {
			isa = XCBuildConfiguration;
			buildSettings = {
				ALWAYS_SEARCH_USER_PATHS = NO;
				CLANG_ANALYZER_NONNULL = YES;
				CLANG_ANALYZER_NUMBER_OBJECT_CONVERSION = YES_AGGRESSIVE;
				CLANG_CXX_LANGUAGE_STANDARD = "gnu++0x";
				CLANG_CXX_LIBRARY = "libc++";
				CLANG_ENABLE_MODULES = YES;
				CLANG_ENABLE_OBJC_ARC = YES;
				CLANG_WARN_BOOL_CONVERSION = YES;
				CLANG_WARN_CONSTANT_CONVERSION = YES;
				CLANG_WARN_DIRECT_OBJC_ISA_USAGE = YES_ERROR;
				CLANG_WARN_DOCUMENTATION_COMMENTS = YES;
				CLANG_WARN_EMPTY_BODY = YES;
				CLANG_WARN_ENUM_CONVERSION = YES;
				CLANG_WARN_INFINITE_RECURSION = YES;
				CLANG_WARN_INT_CONVERSION = YES;
				CLANG_WARN_OBJC_ROOT_CLASS = YES_ERROR;
				CLANG_WARN_SUSPICIOUS_MOVE = YES;
				CLANG_WARN_UNREACHABLE_CODE = YES;
				CLANG_WARN__DUPLICATE_METHOD_MATCH = YES;
				"CODE_SIGN_IDENTITY[sdk=iphoneos*]" = "iPhone Developer";
				COPY_PHASE_STRIP = NO;
				DEBUG_INFORMATION_FORMAT = "dwarf-with-dsym";
				ENABLE_NS_ASSERTIONS = NO;
				ENABLE_STRICT_OBJC_MSGSEND = YES;
				GCC_C_LANGUAGE_STANDARD = gnu99;
				GCC_NO_COMMON_BLOCKS = YES;
				GCC_WARN_64_TO_32_BIT_CONVERSION = YES;
				GCC_WARN_ABOUT_RETURN_TYPE = YES_ERROR;
				GCC_WARN_UNDECLARED_SELECTOR = YES;
				GCC_WARN_UNINITIALIZED_AUTOS = YES_AGGRESSIVE;
				GCC_WARN_UNUSED_FUNCTION = YES;
				GCC_WARN_UNUSED_VARIABLE = YES;
				IPHONEOS_DEPLOYMENT_TARGET = 10.3;
				MTL_ENABLE_DEBUG_INFO = NO;
				SDKROOT = iphoneos;
				SWIFT_OPTIMIZATION_LEVEL = "-Owholemodule";
				TARGETED_DEVICE_FAMILY = "1,2";
				VALIDATE_PRODUCT = YES;
			};
			name = Release;
		};
		297497911F5DE52600B92A59 /* Debug */ = {
			isa = XCBuildConfiguration;
			buildSettings = {
				ASSETCATALOG_COMPILER_APPICON_NAME = AppIcon;
				DEVELOPMENT_TEAM = 2Y285G7CRX;
				INFOPLIST_FILE = SwiftOnTheMap/Info.plist;
				LD_RUNPATH_SEARCH_PATHS = "$(inherited) @executable_path/Frameworks";
				PRODUCT_BUNDLE_IDENTIFIER = com.smashapp.sampleap.SwiftOnTheMap;
				PRODUCT_NAME = "$(TARGET_NAME)";
				SWIFT_VERSION = 3.0;
			};
			name = Debug;
		};
		297497921F5DE52600B92A59 /* Release */ = {
			isa = XCBuildConfiguration;
			buildSettings = {
				ASSETCATALOG_COMPILER_APPICON_NAME = AppIcon;
				DEVELOPMENT_TEAM = 2Y285G7CRX;
				INFOPLIST_FILE = SwiftOnTheMap/Info.plist;
				LD_RUNPATH_SEARCH_PATHS = "$(inherited) @executable_path/Frameworks";
				PRODUCT_BUNDLE_IDENTIFIER = com.smashapp.sampleap.SwiftOnTheMap;
				PRODUCT_NAME = "$(TARGET_NAME)";
				SWIFT_VERSION = 3.0;
			};
			name = Release;
		};
/* End XCBuildConfiguration section */

/* Begin XCConfigurationList section */
		297497791F5DE52600B92A59 /* Build configuration list for PBXProject "SwiftOnTheMap" */ = {
			isa = XCConfigurationList;
			buildConfigurations = (
				2974978E1F5DE52600B92A59 /* Debug */,
				2974978F1F5DE52600B92A59 /* Release */,
			);
			defaultConfigurationIsVisible = 0;
			defaultConfigurationName = Release;
		};
		297497901F5DE52600B92A59 /* Build configuration list for PBXNativeTarget "SwiftOnTheMap" */ = {
			isa = XCConfigurationList;
			buildConfigurations = (
				297497911F5DE52600B92A59 /* Debug */,
				297497921F5DE52600B92A59 /* Release */,
			);
			defaultConfigurationIsVisible = 0;
			defaultConfigurationName = Release;
		};
/* End XCConfigurationList section */
	};
	rootObject = 297497761F5DE52600B92A59 /* Project object */;
}
